
Microsoft Visual Studio Solution File, Format Version 12.00
# Visual Studio 15
VisualStudioVersion = 15.0.28010.2026
MinimumVisualStudioVersion = 10.0.40219.1
Project("{9A19103F-16F7-4668-BE54-9A1E7A4F7556}") = "CryptogramLibrary", "CryptogramLibrary\CryptogramLibrary.csproj", "{0F0FDF79-C861-41EC-AD8E-3C61851801F3}"
	ProjectSection(ProjectDependencies) = postProject
		{FE393663-AF49-437F-BCB4-3CA80151307E} = {FE393663-AF49-437F-BCB4-3CA80151307E}
	EndProjectSection
EndProject
Project("{9A19103F-16F7-4668-BE54-9A1E7A4F7556}") = "BlockchainManager", "..\BlockchainManager\BlockchainManager\BlockchainManager.csproj", "{FE393663-AF49-437F-BCB4-3CA80151307E}"
EndProject
Project("{9A19103F-16F7-4668-BE54-9A1E7A4F7556}") = "NetworkManager", "..\Network\Network\NetworkManager.csproj", "{942995AA-2F16-4A0B-A151-C3E0DD1724E8}"
EndProject
Global
	GlobalSection(SolutionConfigurationPlatforms) = preSolution
		Debug|Any CPU = Debug|Any CPU
		DebugNetwork|Any CPU = DebugNetwork|Any CPU
		Release|Any CPU = Release|Any CPU
	EndGlobalSection
	GlobalSection(ProjectConfigurationPlatforms) = postSolution
		{0F0FDF79-C861-41EC-AD8E-3C61851801F3}.Debug|Any CPU.ActiveCfg = Debug|Any CPU
		{0F0FDF79-C861-41EC-AD8E-3C61851801F3}.Debug|Any CPU.Build.0 = Debug|Any CPU
		{0F0FDF79-C861-41EC-AD8E-3C61851801F3}.DebugNetwork|Any CPU.ActiveCfg = Debug|Any CPU
		{0F0FDF79-C861-41EC-AD8E-3C61851801F3}.DebugNetwork|Any CPU.Build.0 = Debug|Any CPU
		{0F0FDF79-C861-41EC-AD8E-3C61851801F3}.Release|Any CPU.ActiveCfg = Release|Any CPU
		{0F0FDF79-C861-41EC-AD8E-3C61851801F3}.Release|Any CPU.Build.0 = Release|Any CPU
		{FE393663-AF49-437F-BCB4-3CA80151307E}.Debug|Any CPU.ActiveCfg = Debug|Any CPU
		{FE393663-AF49-437F-BCB4-3CA80151307E}.Debug|Any CPU.Build.0 = Debug|Any CPU
		{FE393663-AF49-437F-BCB4-3CA80151307E}.DebugNetwork|Any CPU.ActiveCfg = DebugNetwork|Any CPU
		{FE393663-AF49-437F-BCB4-3CA80151307E}.DebugNetwork|Any CPU.Build.0 = DebugNetwork|Any CPU
		{FE393663-AF49-437F-BCB4-3CA80151307E}.Release|Any CPU.ActiveCfg = Release|Any CPU
		{FE393663-AF49-437F-BCB4-3CA80151307E}.Release|Any CPU.Build.0 = Release|Any CPU
		{942995AA-2F16-4A0B-A151-C3E0DD1724E8}.Debug|Any CPU.ActiveCfg = Debug|Any CPU
		{942995AA-2F16-4A0B-A151-C3E0DD1724E8}.Debug|Any CPU.Build.0 = Debug|Any CPU
		{942995AA-2F16-4A0B-A151-C3E0DD1724E8}.DebugNetwork|Any CPU.ActiveCfg = DebugNetwork|Any CPU
		{942995AA-2F16-4A0B-A151-C3E0DD1724E8}.DebugNetwork|Any CPU.Build.0 = DebugNetwork|Any CPU
		{942995AA-2F16-4A0B-A151-C3E0DD1724E8}.Release|Any CPU.ActiveCfg = Release|Any CPU
		{942995AA-2F16-4A0B-A151-C3E0DD1724E8}.Release|Any CPU.Build.0 = Release|Any CPU
	EndGlobalSection
	GlobalSection(SolutionProperties) = preSolution
		HideSolutionNode = FALSE
	EndGlobalSection
	GlobalSection(ExtensibilityGlobals) = postSolution
		SolutionGuid = {A339E180-B4A1-43FB-A1FA-11C030DB8624}
	EndGlobalSection
EndGlobal
